
Microsoft Visual Studio Solution File, Format Version 12.00
# Visual Studio Version 17
VisualStudioVersion = 17.2.32616.157
MinimumVisualStudioVersion = 10.0.40219.1
Project("{8BC9CEB8-8B4A-11D0-8D11-00A0C91BC942}") = "03.10.2022 class work", "03.10.2022 class work.vcxproj", "{4BE7C89B-73EA-4381-9745-A40FDB8458BD}"
EndProject
Global
	GlobalSection(SolutionConfigurationPlatforms) = preSolution
		Debug|x64 = Debug|x64
		Debug|x86 = Debug|x86
		Release|x64 = Release|x64
		Release|x86 = Release|x86
	EndGlobalSection
	GlobalSection(ProjectConfigurationPlatforms) = postSolution
		{4BE7C89B-73EA-4381-9745-A40FDB8458BD}.Debug|x64.ActiveCfg = Debug|x64
		{4BE7C89B-73EA-4381-9745-A40FDB8458BD}.Debug|x64.Build.0 = Debug|x64
		{4BE7C89B-73EA-4381-9745-A40FDB8458BD}.Debug|x86.ActiveCfg = Debug|Win32
		{4BE7C89B-73EA-4381-9745-A40FDB8458BD}.Debug|x86.Build.0 = Debug|Win32
		{4BE7C89B-73EA-4381-9745-A40FDB8458BD}.Release|x64.ActiveCfg = Release|x64
		{4BE7C89B-73EA-4381-9745-A40FDB8458BD}.Release|x64.Build.0 = Release|x64
		{4BE7C89B-73EA-4381-9745-A40FDB8458BD}.Release|x86.ActiveCfg = Release|Win32
		{4BE7C89B-73EA-4381-9745-A40FDB8458BD}.Release|x86.Build.0 = Release|Win32
	EndGlobalSection
	GlobalSection(SolutionProperties) = preSolution
		HideSolutionNode = FALSE
	EndGlobalSection
	GlobalSection(ExtensibilityGlobals) = postSolution
		SolutionGuid = {9720F596-E3D2-4D8B-95E0-323A843BF8D3}
	EndGlobalSection
EndGlobal
